
Microsoft Visual Studio Solution File, Format Version 12.00
# Visual Studio Version 17
VisualStudioVersion = 17.0.32112.339
MinimumVisualStudioVersion = 10.0.40219.1
Project("{FAE04EC0-301F-11D3-BF4B-00C04F79EFBC}") = "sqlShowTxtApp", "sqlShowTxtApp\sqlShowTxtApp.csproj", "{082EFFE3-A999-44A0-9C45-C6C14055637C}"
EndProject
Global
	GlobalSection(SolutionConfigurationPlatforms) = preSolution
		Debug|Any CPU = Debug|Any CPU
		Release|Any CPU = Release|Any CPU
	EndGlobalSection
	GlobalSection(ProjectConfigurationPlatforms) = postSolution
		{082EFFE3-A999-44A0-9C45-C6C14055637C}.Debug|Any CPU.ActiveCfg = Debug|Any CPU
		{082EFFE3-A999-44A0-9C45-C6C14055637C}.Debug|Any CPU.Build.0 = Debug|Any CPU
		{082EFFE3-A999-44A0-9C45-C6C14055637C}.Release|Any CPU.ActiveCfg = Release|Any CPU
		{082EFFE3-A999-44A0-9C45-C6C14055637C}.Release|Any CPU.Build.0 = Release|Any CPU
	EndGlobalSection
	GlobalSection(SolutionProperties) = preSolution
		HideSolutionNode = FALSE
	EndGlobalSection
	GlobalSection(ExtensibilityGlobals) = postSolution
		SolutionGuid = {7FC5BCCB-E241-4768-AAE5-A0B97233F5AD}
	EndGlobalSection
EndGlobal
